
Microsoft Visual Studio Solution File, Format Version 12.00
# Visual Studio Version 16
VisualStudioVersion = 16.0.32802.440
MinimumVisualStudioVersion = 10.0.40219.1
Project("{FAE04EC0-301F-11D3-BF4B-00C04F79EFBC}") = "WebAppAprilBatch", "WebAppAprilBatch\WebAppAprilBatch.csproj", "{052BFAD9-F866-48DC-B63C-B254E05E908E}"
EndProject
Global
	GlobalSection(SolutionConfigurationPlatforms) = preSolution
		Debug|Any CPU = Debug|Any CPU
		Release|Any CPU = Release|Any CPU
	EndGlobalSection
	GlobalSection(ProjectConfigurationPlatforms) = postSolution
		{052BFAD9-F866-48DC-B63C-B254E05E908E}.Debug|Any CPU.ActiveCfg = Debug|Any CPU
		{052BFAD9-F866-48DC-B63C-B254E05E908E}.Debug|Any CPU.Build.0 = Debug|Any CPU
		{052BFAD9-F866-48DC-B63C-B254E05E908E}.Release|Any CPU.ActiveCfg = Release|Any CPU
		{052BFAD9-F866-48DC-B63C-B254E05E908E}.Release|Any CPU.Build.0 = Release|Any CPU
	EndGlobalSection
	GlobalSection(SolutionProperties) = preSolution
		HideSolutionNode = FALSE
	EndGlobalSection
	GlobalSection(ExtensibilityGlobals) = postSolution
		SolutionGuid = {19500CDD-09C3-451C-AB63-3565A1AFE54B}
	EndGlobalSection
EndGlobal
